
Microsoft Visual Studio Solution File, Format Version 12.00
# Visual Studio 15
VisualStudioVersion = 15.0.27130.2010
MinimumVisualStudioVersion = 10.0.40219.1
Project("{FAE04EC0-301F-11D3-BF4B-00C04F79EFBC}") = "Blog_DAL", "Blog_DAL\Blog_DAL.csproj", "{BC04FD8F-3EBF-4E8F-8039-F07CDDF1DC16}"
EndProject
Project("{FAE04EC0-301F-11D3-BF4B-00C04F79EFBC}") = "Blog_BLL", "Blog_BLL\Blog_BLL.csproj", "{B0EEAC89-785F-4009-8E07-D5BA0892BB66}"
EndProject
Project("{FAE04EC0-301F-11D3-BF4B-00C04F79EFBC}") = "Model", "Model\Model.csproj", "{77A4021A-AE3F-4284-B317-5BB2A8F84185}"
EndProject
Project("{FAE04EC0-301F-11D3-BF4B-00C04F79EFBC}") = "Blog", "Blog\Blog.csproj", "{22B3FD68-B5F1-4F03-82EF-841BF176886E}"
EndProject
Global
	GlobalSection(SolutionConfigurationPlatforms) = preSolution
		Debug|Any CPU = Debug|Any CPU
		Release|Any CPU = Release|Any CPU
	EndGlobalSection
	GlobalSection(ProjectConfigurationPlatforms) = postSolution
		{BC04FD8F-3EBF-4E8F-8039-F07CDDF1DC16}.Debug|Any CPU.ActiveCfg = Debug|Any CPU
		{BC04FD8F-3EBF-4E8F-8039-F07CDDF1DC16}.Debug|Any CPU.Build.0 = Debug|Any CPU
		{BC04FD8F-3EBF-4E8F-8039-F07CDDF1DC16}.Release|Any CPU.ActiveCfg = Release|Any CPU
		{BC04FD8F-3EBF-4E8F-8039-F07CDDF1DC16}.Release|Any CPU.Build.0 = Release|Any CPU
		{B0EEAC89-785F-4009-8E07-D5BA0892BB66}.Debug|Any CPU.ActiveCfg = Debug|Any CPU
		{B0EEAC89-785F-4009-8E07-D5BA0892BB66}.Debug|Any CPU.Build.0 = Debug|Any CPU
		{B0EEAC89-785F-4009-8E07-D5BA0892BB66}.Release|Any CPU.ActiveCfg = Release|Any CPU
		{B0EEAC89-785F-4009-8E07-D5BA0892BB66}.Release|Any CPU.Build.0 = Release|Any CPU
		{77A4021A-AE3F-4284-B317-5BB2A8F84185}.Debug|Any CPU.ActiveCfg = Debug|Any CPU
		{77A4021A-AE3F-4284-B317-5BB2A8F84185}.Debug|Any CPU.Build.0 = Debug|Any CPU
		{77A4021A-AE3F-4284-B317-5BB2A8F84185}.Release|Any CPU.ActiveCfg = Release|Any CPU
		{77A4021A-AE3F-4284-B317-5BB2A8F84185}.Release|Any CPU.Build.0 = Release|Any CPU
		{22B3FD68-B5F1-4F03-82EF-841BF176886E}.Debug|Any CPU.ActiveCfg = Debug|Any CPU
		{22B3FD68-B5F1-4F03-82EF-841BF176886E}.Debug|Any CPU.Build.0 = Debug|Any CPU
		{22B3FD68-B5F1-4F03-82EF-841BF176886E}.Release|Any CPU.ActiveCfg = Release|Any CPU
		{22B3FD68-B5F1-4F03-82EF-841BF176886E}.Release|Any CPU.Build.0 = Release|Any CPU
	EndGlobalSection
	GlobalSection(SolutionProperties) = preSolution
		HideSolutionNode = FALSE
	EndGlobalSection
	GlobalSection(ExtensibilityGlobals) = postSolution
		SolutionGuid = {48360387-457D-4047-A019-A6D063CC7265}
	EndGlobalSection
EndGlobal
